
Microsoft Visual Studio Solution File, Format Version 12.00
# Visual Studio Version 16
VisualStudioVersion = 16.0.30907.101
MinimumVisualStudioVersion = 10.0.40219.1
Project("{888888A0-9F3D-457C-B088-3A5042F75D52}") = "spiski", "spiski.pyproj", "{225E0C38-B4D9-42FB-B48C-A0C1946342FE}"
EndProject
Global
	GlobalSection(SolutionConfigurationPlatforms) = preSolution
		Debug|Any CPU = Debug|Any CPU
		Release|Any CPU = Release|Any CPU
	EndGlobalSection
	GlobalSection(ProjectConfigurationPlatforms) = postSolution
		{225E0C38-B4D9-42FB-B48C-A0C1946342FE}.Debug|Any CPU.ActiveCfg = Debug|Any CPU
		{225E0C38-B4D9-42FB-B48C-A0C1946342FE}.Release|Any CPU.ActiveCfg = Release|Any CPU
	EndGlobalSection
	GlobalSection(SolutionProperties) = preSolution
		HideSolutionNode = FALSE
	EndGlobalSection
	GlobalSection(ExtensibilityGlobals) = postSolution
		SolutionGuid = {65F5DFEF-EE82-4443-9C96-EC20A659401D}
	EndGlobalSection
EndGlobal
